// !$*UTF8*$!
{
	archiveVersion = 1;
	classes = {
	};
	objectVersion = 46;
	objects = {

/* Begin PBXBuildFile section */
		5B3E6C091A8531FC0064B83B /* AppDelegate.swift in Sources */ = {isa = PBXBuildFile; fileRef = 5B3E6C081A8531FC0064B83B /* AppDelegate.swift */; };
		5B3E6C0B1A8531FC0064B83B /* ViewController.swift in Sources */ = {isa = PBXBuildFile; fileRef = 5B3E6C0A1A8531FC0064B83B /* ViewController.swift */; };
		5B3E6C0E1A8531FC0064B83B /* Main.storyboard in Resources */ = {isa = PBXBuildFile; fileRef = 5B3E6C0C1A8531FC0064B83B /* Main.storyboard */; };
		5B3E6C101A8531FC0064B83B /* Images.xcassets in Resources */ = {isa = PBXBuildFile; fileRef = 5B3E6C0F1A8531FC0064B83B /* Images.xcassets */; };
		5B3E6C131A8531FC0064B83B /* LaunchScreen.xib in Resources */ = {isa = PBXBuildFile; fileRef = 5B3E6C111A8531FC0064B83B /* LaunchScreen.xib */; };
		5B3E6C1F1A8531FC0064B83B /* PhotoSlideShowAppTests.swift in Sources */ = {isa = PBXBuildFile; fileRef = 5B3E6C1E1A8531FC0064B83B /* PhotoSlideShowAppTests.swift */; };
		5B3E6C6E1A8551990064B83B /* photo-2-small.png in Resources */ = {isa = PBXBuildFile; fileRef = 5B3E6C661A8551980064B83B /* photo-2-small.png */; };
		5B3E6C6F1A8551990064B83B /* photo-3-small.png in Resources */ = {isa = PBXBuildFile; fileRef = 5B3E6C671A8551980064B83B /* photo-3-small.png */; };
		5B3E6C701A8551990064B83B /* photo-4-small.png in Resources */ = {isa = PBXBuildFile; fileRef = 5B3E6C681A8551990064B83B /* photo-4-small.png */; };
		5B3E6C711A8551990064B83B /* photo-5-small.png in Resources */ = {isa = PBXBuildFile; fileRef = 5B3E6C691A8551990064B83B /* photo-5-small.png */; };
		5B3E6C721A8551990064B83B /* photo-6-small.png in Resources */ = {isa = PBXBuildFile; fileRef = 5B3E6C6A1A8551990064B83B /* photo-6-small.png */; };
		5B3E6C731A8551990064B83B /* photo-7-small.png in Resources */ = {isa = PBXBuildFile; fileRef = 5B3E6C6B1A8551990064B83B /* photo-7-small.png */; };
		5B3E6C741A8551990064B83B /* photo-8-small.png in Resources */ = {isa = PBXBuildFile; fileRef = 5B3E6C6C1A8551990064B83B /* photo-8-small.png */; };
		5B3E6C751A8551990064B83B /* photo-9-small.png in Resources */ = {isa = PBXBuildFile; fileRef = 5B3E6C6D1A8551990064B83B /* photo-9-small.png */; };
/* End PBXBuildFile section */

/* Begin PBXContainerItemProxy section */
		5B3E6C191A8531FC0064B83B /* PBXContainerItemProxy */ = {
			isa = PBXContainerItemProxy;
			containerPortal = 5B3E6BFB1A8531FB0064B83B /* Project object */;
			proxyType = 1;
			remoteGlobalIDString = 5B3E6C021A8531FB0064B83B;
			remoteInfo = PhotoSlideShowApp;
		};
/* End PBXContainerItemProxy section */

/* Begin PBXFileReference section */
		5B3E6C031A8531FC0064B83B /* PhotoSlideShowApp.app */ = {isa = PBXFileReference; explicitFileType = wrapper.application; includeInIndex = 0; path = PhotoSlideShowApp.app; sourceTree = BUILT_PRODUCTS_DIR; };
		5B3E6C071A8531FC0064B83B /* Info.plist */ = {isa = PBXFileReference; lastKnownFileType = text.plist.xml; path = Info.plist; sourceTree = "<group>"; };
		5B3E6C081A8531FC0064B83B /* AppDelegate.swift */ = {isa = PBXFileReference; lastKnownFileType = sourcecode.swift; path = AppDelegate.swift; sourceTree = "<group>"; };
		5B3E6C0A1A8531FC0064B83B /* ViewController.swift */ = {isa = PBXFileReference; lastKnownFileType = sourcecode.swift; path = ViewController.swift; sourceTree = "<group>"; };
		5B3E6C0D1A8531FC0064B83B /* Base */ = {isa = PBXFileReference; lastKnownFileType = file.storyboard; name = Base; path = Base.lproj/Main.storyboard; sourceTree = "<group>"; };
		5B3E6C0F1A8531FC0064B83B /* Images.xcassets */ = {isa = PBXFileReference; lastKnownFileType = folder.assetcatalog; path = Images.xcassets; sourceTree = "<group>"; };
		5B3E6C121A8531FC0064B83B /* Base */ = {isa = PBXFileReference; lastKnownFileType = file.xib; name = Base; path = Base.lproj/LaunchScreen.xib; sourceTree = "<group>"; };
		5B3E6C181A8531FC0064B83B /* PhotoSlideShowAppTests.xctest */ = {isa = PBXFileReference; explicitFileType = wrapper.cfbundle; includeInIndex = 0; path = PhotoSlideShowAppTests.xctest; sourceTree = BUILT_PRODUCTS_DIR; };
		5B3E6C1D1A8531FC0064B83B /* Info.plist */ = {isa = PBXFileReference; lastKnownFileType = text.plist.xml; path = Info.plist; sourceTree = "<group>"; };
		5B3E6C1E1A8531FC0064B83B /* PhotoSlideShowAppTests.swift */ = {isa = PBXFileReference; lastKnownFileType = sourcecode.swift; path = PhotoSlideShowAppTests.swift; sourceTree = "<group>"; };
		5B3E6C661A8551980064B83B /* photo-2-small.png */ = {isa = PBXFileReference; lastKnownFileType = image.png; path = "photo-2-small.png"; sourceTree = "<group>"; };
		5B3E6C671A8551980064B83B /* photo-3-small.png */ = {isa = PBXFileReference; lastKnownFileType = image.png; path = "photo-3-small.png"; sourceTree = "<group>"; };
		5B3E6C681A8551990064B83B /* photo-4-small.png */ = {isa = PBXFileReference; lastKnownFileType = image.png; path = "photo-4-small.png"; sourceTree = "<group>"; };
		5B3E6C691A8551990064B83B /* photo-5-small.png */ = {isa = PBXFileReference; lastKnownFileType = image.png; path = "photo-5-small.png"; sourceTree = "<group>"; };
		5B3E6C6A1A8551990064B83B /* photo-6-small.png */ = {isa = PBXFileReference; lastKnownFileType = image.png; path = "photo-6-small.png"; sourceTree = "<group>"; };
		5B3E6C6B1A8551990064B83B /* photo-7-small.png */ = {isa = PBXFileReference; lastKnownFileType = image.png; path = "photo-7-small.png"; sourceTree = "<group>"; };
		5B3E6C6C1A8551990064B83B /* photo-8-small.png */ = {isa = PBXFileReference; lastKnownFileType = image.png; path = "photo-8-small.png"; sourceTree = "<group>"; };
		5B3E6C6D1A8551990064B83B /* photo-9-small.png */ = {isa = PBXFileReference; lastKnownFileType = image.png; path = "photo-9-small.png"; sourceTree = "<group>"; };
/* End PBXFileReference section */

/* Begin PBXFrameworksBuildPhase section */
		5B3E6C001A8531FB0064B83B /* Frameworks */ = {
			isa = PBXFrameworksBuildPhase;
			buildActionMask = 2147483647;
			files = (
			);
			runOnlyForDeploymentPostprocessing = 0;
		};
		5B3E6C151A8531FC0064B83B /* Frameworks */ = {
			isa = PBXFrameworksBuildPhase;
			buildActionMask = 2147483647;
			files = (
			);
			runOnlyForDeploymentPostprocessing = 0;
		};
/* End PBXFrameworksBuildPhase section */

/* Begin PBXGroup section */
		5B3E6BFA1A8531FB0064B83B = {
			isa = PBXGroup;
			children = (
				5B3E6C051A8531FC0064B83B /* PhotoSlideShowApp */,
				5B3E6C1B1A8531FC0064B83B /* PhotoSlideShowAppTests */,
				5B3E6C041A8531FC0064B83B /* Products */,
			);
			sourceTree = "<group>";
		};
		5B3E6C041A8531FC0064B83B /* Products */ = {
			isa = PBXGroup;
			children = (
				5B3E6C031A8531FC0064B83B /* PhotoSlideShowApp.app */,
				5B3E6C181A8531FC0064B83B /* PhotoSlideShowAppTests.xctest */,
			);
			name = Products;
			sourceTree = "<group>";
		};
		5B3E6C051A8531FC0064B83B /* PhotoSlideShowApp */ = {
			isa = PBXGroup;
			children = (
				5B3E6C081A8531FC0064B83B /* AppDelegate.swift */,
				5B3E6C0A1A8531FC0064B83B /* ViewController.swift */,
				5B3E6C0C1A8531FC0064B83B /* Main.storyboard */,
				5B3E6C0F1A8531FC0064B83B /* Images.xcassets */,
				5B3E6C111A8531FC0064B83B /* LaunchScreen.xib */,
				5B3E6C061A8531FC0064B83B /* Supporting Files */,
			);
			path = PhotoSlideShowApp;
			sourceTree = "<group>";
		};
		5B3E6C061A8531FC0064B83B /* Supporting Files */ = {
			isa = PBXGroup;
			children = (
				5B3E6C651A8551980064B83B /* PNG */,
				5B3E6C071A8531FC0064B83B /* Info.plist */,
			);
			name = "Supporting Files";
			sourceTree = "<group>";
		};
		5B3E6C1B1A8531FC0064B83B /* PhotoSlideShowAppTests */ = {
			isa = PBXGroup;
			children = (
				5B3E6C1E1A8531FC0064B83B /* PhotoSlideShowAppTests.swift */,
				5B3E6C1C1A8531FC0064B83B /* Supporting Files */,
			);
			path = PhotoSlideShowAppTests;
			sourceTree = "<group>";
		};
		5B3E6C1C1A8531FC0064B83B /* Supporting Files */ = {
			isa = PBXGroup;
			children = (
				5B3E6C1D1A8531FC0064B83B /* Info.plist */,
			);
			name = "Supporting Files";
			sourceTree = "<group>";
		};
		5B3E6C651A8551980064B83B /* PNG */ = {
			isa = PBXGroup;
			children = (
				5B3E6C661A8551980064B83B /* photo-2-small.png */,
				5B3E6C671A8551980064B83B /* photo-3-small.png */,
				5B3E6C681A8551990064B83B /* photo-4-small.png */,
				5B3E6C691A8551990064B83B /* photo-5-small.png */,
				5B3E6C6A1A8551990064B83B /* photo-6-small.png */,
				5B3E6C6B1A8551990064B83B /* photo-7-small.png */,
				5B3E6C6C1A8551990064B83B /* photo-8-small.png */,
				5B3E6C6D1A8551990064B83B /* photo-9-small.png */,
			);
			name = PNG;
			path = ../../../../../Pictures/PNG;
			sourceTree = "<group>";
		};
/* End PBXGroup section */

/* Begin PBXNativeTarget section */
		5B3E6C021A8531FB0064B83B /* PhotoSlideShowApp */ = {
			isa = PBXNativeTarget;
			buildConfigurationList = 5B3E6C221A8531FC0064B83B /* Build configuration list for PBXNativeTarget "PhotoSlideShowApp" */;
			buildPhases = (
				5B3E6BFF1A8531FB0064B83B /* Sources */,
				5B3E6C001A8531FB0064B83B /* Frameworks */,
				5B3E6C011A8531FB0064B83B /* Resources */,
			);
			buildRules = (
			);
			dependencies = (
			);
			name = PhotoSlideShowApp;
			productName = PhotoSlideShowApp;
			productReference = 5B3E6C031A8531FC0064B83B /* PhotoSlideShowApp.app */;
			productType = "com.apple.product-type.application";
		};
		5B3E6C171A8531FC0064B83B /* PhotoSlideShowAppTests */ = {
			isa = PBXNativeTarget;
			buildConfigurationList = 5B3E6C251A8531FC0064B83B /* Build configuration list for PBXNativeTarget "PhotoSlideShowAppTests" */;
			buildPhases = (
				5B3E6C141A8531FC0064B83B /* Sources */,
				5B3E6C151A8531FC0064B83B /* Frameworks */,
				5B3E6C161A8531FC0064B83B /* Resources */,
			);
			buildRules = (
			);
			dependencies = (
				5B3E6C1A1A8531FC0064B83B /* PBXTargetDependency */,
			);
			name = PhotoSlideShowAppTests;
			productName = PhotoSlideShowAppTests;
			productReference = 5B3E6C181A8531FC0064B83B /* PhotoSlideShowAppTests.xctest */;
			productType = "com.apple.product-type.bundle.unit-test";
		};
/* End PBXNativeTarget section */

/* Begin PBXProject section */
		5B3E6BFB1A8531FB0064B83B /* Project object */ = {
			isa = PBXProject;
			attributes = {
				LastUpgradeCheck = 0610;
				ORGANIZATIONNAME = Sean;
				TargetAttributes = {
					5B3E6C021A8531FB0064B83B = {
						CreatedOnToolsVersion = 6.1.1;
					};
					5B3E6C171A8531FC0064B83B = {
						CreatedOnToolsVersion = 6.1.1;
						TestTargetID = 5B3E6C021A8531FB0064B83B;
					};
				};
			};
			buildConfigurationList = 5B3E6BFE1A8531FB0064B83B /* Build configuration list for PBXProject "PhotoSlideShowApp" */;
			compatibilityVersion = "Xcode 3.2";
			developmentRegion = English;
			hasScannedForEncodings = 0;
			knownRegions = (
				en,
				Base,
			);
			mainGroup = 5B3E6BFA1A8531FB0064B83B;
			productRefGroup = 5B3E6C041A8531FC0064B83B /* Products */;
			projectDirPath = "";
			projectRoot = "";
			targets = (
				5B3E6C021A8531FB0064B83B /* PhotoSlideShowApp */,
				5B3E6C171A8531FC0064B83B /* PhotoSlideShowAppTests */,
			);
		};
/* End PBXProject section */

/* Begin PBXResourcesBuildPhase section */
		5B3E6C011A8531FB0064B83B /* Resources */ = {
			isa = PBXResourcesBuildPhase;
			buildActionMask = 2147483647;
			files = (
				5B3E6C731A8551990064B83B /* photo-7-small.png in Resources */,
				5B3E6C0E1A8531FC0064B83B /* Main.storyboard in Resources */,
				5B3E6C701A8551990064B83B /* photo-4-small.png in Resources */,
				5B3E6C751A8551990064B83B /* photo-9-small.png in Resources */,
				5B3E6C711A8551990064B83B /* photo-5-small.png in Resources */,
				5B3E6C6F1A8551990064B83B /* photo-3-small.png in Resources */,
				5B3E6C741A8551990064B83B /* photo-8-small.png in Resources */,
				5B3E6C131A8531FC0064B83B /* LaunchScreen.xib in Resources */,
				5B3E6C101A8531FC0064B83B /* Images.xcassets in Resources */,
				5B3E6C6E1A8551990064B83B /* photo-2-small.png in Resources */,
				5B3E6C721A8551990064B83B /* photo-6-small.png in Resources */,
			);
			runOnlyForDeploymentPostprocessing = 0;
		};
		5B3E6C161A8531FC0064B83B /* Resources */ = {
			isa = PBXResourcesBuildPhase;
			buildActionMask = 2147483647;
			files = (
			);
			runOnlyForDeploymentPostprocessing = 0;
		};
/* End PBXResourcesBuildPhase section */

/* Begin PBXSourcesBuildPhase section */
		5B3E6BFF1A8531FB0064B83B /* Sources */ = {
			isa = PBXSourcesBuildPhase;
			buildActionMask = 2147483647;
			files = (
				5B3E6C0B1A8531FC0064B83B /* ViewController.swift in Sources */,
				5B3E6C091A8531FC0064B83B /* AppDelegate.swift in Sources */,
			);
			runOnlyForDeploymentPostprocessing = 0;
		};
		5B3E6C141A8531FC0064B83B /* Sources */ = {
			isa = PBXSourcesBuildPhase;
			buildActionMask = 2147483647;
			files = (
				5B3E6C1F1A8531FC0064B83B /* PhotoSlideShowAppTests.swift in Sources */,
			);
			runOnlyForDeploymentPostprocessing = 0;
		};
/* End PBXSourcesBuildPhase section */

/* Begin PBXTargetDependency section */
		5B3E6C1A1A8531FC0064B83B /* PBXTargetDependency */ = {
			isa = PBXTargetDependency;
			target = 5B3E6C021A8531FB0064B83B /* PhotoSlideShowApp */;
			targetProxy = 5B3E6C191A8531FC0064B83B /* PBXContainerItemProxy */;
		};
/* End PBXTargetDependency section */

/* Begin PBXVariantGroup section */
		5B3E6C0C1A8531FC0064B83B /* Main.storyboard */ = {
			isa = PBXVariantGroup;
			children = (
				5B3E6C0D1A8531FC0064B83B /* Base */,
			);
			name = Main.storyboard;
			sourceTree = "<group>";
		};
		5B3E6C111A8531FC0064B83B /* LaunchScreen.xib */ = {
			isa = PBXVariantGroup;
			children = (
				5B3E6C121A8531FC0064B83B /* Base */,
			);
			name = LaunchScreen.xib;
			sourceTree = "<group>";
		};
/* End PBXVariantGroup section */

/* Begin XCBuildConfiguration section */
		5B3E6C201A8531FC0064B83B /* Debug */ = {
			isa = XCBuildConfiguration;
			buildSettings = {
				ALWAYS_SEARCH_USER_PATHS = NO;
				CLANG_CXX_LANGUAGE_STANDARD = "gnu++0x";
				CLANG_CXX_LIBRARY = "libc++";
				CLANG_ENABLE_MODULES = YES;
				CLANG_ENABLE_OBJC_ARC = YES;
				CLANG_WARN_BOOL_CONVERSION = YES;
				CLANG_WARN_CONSTANT_CONVERSION = YES;
				CLANG_WARN_DIRECT_OBJC_ISA_USAGE = YES_ERROR;
				CLANG_WARN_EMPTY_BODY = YES;
				CLANG_WARN_ENUM_CONVERSION = YES;
				CLANG_WARN_INT_CONVERSION = YES;
				CLANG_WARN_OBJC_ROOT_CLASS = YES_ERROR;
				CLANG_WARN_UNREACHABLE_CODE = YES;
				CLANG_WARN__DUPLICATE_METHOD_MATCH = YES;
				"CODE_SIGN_IDENTITY[sdk=iphoneos*]" = "iPhone Developer";
				COPY_PHASE_STRIP = NO;
				ENABLE_STRICT_OBJC_MSGSEND = YES;
				GCC_C_LANGUAGE_STANDARD = gnu99;
				GCC_DYNAMIC_NO_PIC = NO;
				GCC_OPTIMIZATION_LEVEL = 0;
				GCC_PREPROCESSOR_DEFINITIONS = (
					"DEBUG=1",
					"$(inherited)",
				);
				GCC_SYMBOLS_PRIVATE_EXTERN = NO;
				GCC_WARN_64_TO_32_BIT_CONVERSION = YES;
				GCC_WARN_ABOUT_RETURN_TYPE = YES_ERROR;
				GCC_WARN_UNDECLARED_SELECTOR = YES;
				GCC_WARN_UNINITIALIZED_AUTOS = YES_AGGRESSIVE;
				GCC_WARN_UNUSED_FUNCTION = YES;
				GCC_WARN_UNUSED_VARIABLE = YES;
				IPHONEOS_DEPLOYMENT_TARGET = 8.1;
				MTL_ENABLE_DEBUG_INFO = YES;
				ONLY_ACTIVE_ARCH = YES;
				SDKROOT = iphoneos;
				SWIFT_OPTIMIZATION_LEVEL = "-Onone";
			};
			name = Debug;
		};
		5B3E6C211A8531FC0064B83B /* Release */ = {
			isa = XCBuildConfiguration;
			buildSettings = {
				ALWAYS_SEARCH_USER_PATHS = NO;
				CLANG_CXX_LANGUAGE_STANDARD = "gnu++0x";
				CLANG_CXX_LIBRARY = "libc++";
				CLANG_ENABLE_MODULES = YES;
				CLANG_ENABLE_OBJC_ARC = YES;
				CLANG_WARN_BOOL_CONVERSION = YES;
				CLANG_WARN_CONSTANT_CONVERSION = YES;
				CLANG_WARN_DIRECT_OBJC_ISA_USAGE = YES_ERROR;
				CLANG_WARN_EMPTY_BODY = YES;
				CLANG_WARN_ENUM_CONVERSION = YES;
				CLANG_WARN_INT_CONVERSION = YES;
				CLANG_WARN_OBJC_ROOT_CLASS = YES_ERROR;
				CLANG_WARN_UNREACHABLE_CODE = YES;
				CLANG_WARN__DUPLICATE_METHOD_MATCH = YES;
				"CODE_SIGN_IDENTITY[sdk=iphoneos*]" = "iPhone Developer";
				COPY_PHASE_STRIP = YES;
				ENABLE_NS_ASSERTIONS = NO;
				ENABLE_STRICT_OBJC_MSGSEND = YES;
				GCC_C_LANGUAGE_STANDARD = gnu99;
				GCC_WARN_64_TO_32_BIT_CONVERSION = YES;
				GCC_WARN_ABOUT_RETURN_TYPE = YES_ERROR;
				GCC_WARN_UNDECLARED_SELECTOR = YES;
				GCC_WARN_UNINITIALIZED_AUTOS = YES_AGGRESSIVE;
				GCC_WARN_UNUSED_FUNCTION = YES;
				GCC_WARN_UNUSED_VARIABLE = YES;
				IPHONEOS_DEPLOYMENT_TARGET = 8.1;
				MTL_ENABLE_DEBUG_INFO = NO;
				SDKROOT = iphoneos;
				VALIDATE_PRODUCT = YES;
			};
			name = Release;
		};
		5B3E6C231A8531FC0064B83B /* Debug */ = {
			isa = XCBuildConfiguration;
			buildSettings = {
				ASSETCATALOG_COMPILER_APPICON_NAME = AppIcon;
				INFOPLIST_FILE = PhotoSlideShowApp/Info.plist;
				LD_RUNPATH_SEARCH_PATHS = "$(inherited) @executable_path/Frameworks";
				PRODUCT_NAME = "$(TARGET_NAME)";
			};
			name = Debug;
		};
		5B3E6C241A8531FC0064B83B /* Release */ = {
			isa = XCBuildConfiguration;
			buildSettings = {
				ASSETCATALOG_COMPILER_APPICON_NAME = AppIcon;
				INFOPLIST_FILE = PhotoSlideShowApp/Info.plist;
				LD_RUNPATH_SEARCH_PATHS = "$(inherited) @executable_path/Frameworks";
				PRODUCT_NAME = "$(TARGET_NAME)";
			};
			name = Release;
		};
		5B3E6C261A8531FC0064B83B /* Debug */ = {
			isa = XCBuildConfiguration;
			buildSettings = {
				BUNDLE_LOADER = "$(TEST_HOST)";
				FRAMEWORK_SEARCH_PATHS = (
					"$(SDKROOT)/Developer/Library/Frameworks",
					"$(inherited)",
				);
				GCC_PREPROCESSOR_DEFINITIONS = (
					"DEBUG=1",
					"$(inherited)",
				);
				INFOPLIST_FILE = PhotoSlideShowAppTests/Info.plist;
				LD_RUNPATH_SEARCH_PATHS = "$(inherited) @executable_path/Frameworks @loader_path/Frameworks";
				PRODUCT_NAME = "$(TARGET_NAME)";
				TEST_HOST = "$(BUILT_PRODUCTS_DIR)/PhotoSlideShowApp.app/PhotoSlideShowApp";
			};
			name = Debug;
		};
		5B3E6C271A8531FC0064B83B /* Release */ = {
			isa = XCBuildConfiguration;
			buildSettings = {
				BUNDLE_LOADER = "$(TEST_HOST)";
				FRAMEWORK_SEARCH_PATHS = (
					"$(SDKROOT)/Developer/Library/Frameworks",
					"$(inherited)",
				);
				INFOPLIST_FILE = PhotoSlideShowAppTests/Info.plist;
				LD_RUNPATH_SEARCH_PATHS = "$(inherited) @executable_path/Frameworks @loader_path/Frameworks";
				PRODUCT_NAME = "$(TARGET_NAME)";
				TEST_HOST = "$(BUILT_PRODUCTS_DIR)/PhotoSlideShowApp.app/PhotoSlideShowApp";
			};
			name = Release;
		};
/* End XCBuildConfiguration section */

/* Begin XCConfigurationList section */
		5B3E6BFE1A8531FB0064B83B /* Build configuration list for PBXProject "PhotoSlideShowApp" */ = {
			isa = XCConfigurationList;
			buildConfigurations = (
				5B3E6C201A8531FC0064B83B /* Debug */,
				5B3E6C211A8531FC0064B83B /* Release */,
			);
			defaultConfigurationIsVisible = 0;
			defaultConfigurationName = Release;
		};
		5B3E6C221A8531FC0064B83B /* Build configuration list for PBXNativeTarget "PhotoSlideShowApp" */ = {
			isa = XCConfigurationList;
			buildConfigurations = (
				5B3E6C231A8531FC0064B83B /* Debug */,
				5B3E6C241A8531FC0064B83B /* Release */,
			);
			defaultConfigurationIsVisible = 0;
		};
		5B3E6C251A8531FC0064B83B /* Build configuration list for PBXNativeTarget "PhotoSlideShowAppTests" */ = {
			isa = XCConfigurationList;
			buildConfigurations = (
				5B3E6C261A8531FC0064B83B /* Debug */,
				5B3E6C271A8531FC0064B83B /* Release */,
			);
			defaultConfigurationIsVisible = 0;
		};
/* End XCConfigurationList section */
	};
	rootObject = 5B3E6BFB1A8531FB0064B83B /* Project object */;
}
