// !$*UTF8*$!
{
	archiveVersion = 1;
	classes = {
	};
	objectVersion = 46;
	objects = {

/* Begin PBXBuildFile section */
		5BF77FD91A8A7EA3006BBA8F /* AppDelegate.swift in Sources */ = {isa = PBXBuildFile; fileRef = 5BF77FD81A8A7EA3006BBA8F /* AppDelegate.swift */; };
		5BF77FDB1A8A7EA3006BBA8F /* ViewController.swift in Sources */ = {isa = PBXBuildFile; fileRef = 5BF77FDA1A8A7EA3006BBA8F /* ViewController.swift */; };
		5BF77FDE1A8A7EA3006BBA8F /* Main.storyboard in Resources */ = {isa = PBXBuildFile; fileRef = 5BF77FDC1A8A7EA3006BBA8F /* Main.storyboard */; };
		5BF77FE01A8A7EA3006BBA8F /* Images.xcassets in Resources */ = {isa = PBXBuildFile; fileRef = 5BF77FDF1A8A7EA3006BBA8F /* Images.xcassets */; };
		5BF77FE31A8A7EA3006BBA8F /* LaunchScreen.xib in Resources */ = {isa = PBXBuildFile; fileRef = 5BF77FE11A8A7EA3006BBA8F /* LaunchScreen.xib */; };
		5BF77FEF1A8A7EA3006BBA8F /* UIImageViewTestTests.swift in Sources */ = {isa = PBXBuildFile; fileRef = 5BF77FEE1A8A7EA3006BBA8F /* UIImageViewTestTests.swift */; };
		5BF77FF91A8A7EDE006BBA8F /* PNG in Resources */ = {isa = PBXBuildFile; fileRef = 5BF77FF81A8A7EDE006BBA8F /* PNG */; };
/* End PBXBuildFile section */

/* Begin PBXContainerItemProxy section */
		5BF77FE91A8A7EA3006BBA8F /* PBXContainerItemProxy */ = {
			isa = PBXContainerItemProxy;
			containerPortal = 5BF77FCB1A8A7EA3006BBA8F /* Project object */;
			proxyType = 1;
			remoteGlobalIDString = 5BF77FD21A8A7EA3006BBA8F;
			remoteInfo = UIImageViewTest;
		};
/* End PBXContainerItemProxy section */

/* Begin PBXFileReference section */
		5BF77FD31A8A7EA3006BBA8F /* UIImageViewTest.app */ = {isa = PBXFileReference; explicitFileType = wrapper.application; includeInIndex = 0; path = UIImageViewTest.app; sourceTree = BUILT_PRODUCTS_DIR; };
		5BF77FD71A8A7EA3006BBA8F /* Info.plist */ = {isa = PBXFileReference; lastKnownFileType = text.plist.xml; path = Info.plist; sourceTree = "<group>"; };
		5BF77FD81A8A7EA3006BBA8F /* AppDelegate.swift */ = {isa = PBXFileReference; lastKnownFileType = sourcecode.swift; path = AppDelegate.swift; sourceTree = "<group>"; };
		5BF77FDA1A8A7EA3006BBA8F /* ViewController.swift */ = {isa = PBXFileReference; lastKnownFileType = sourcecode.swift; path = ViewController.swift; sourceTree = "<group>"; };
		5BF77FDD1A8A7EA3006BBA8F /* Base */ = {isa = PBXFileReference; lastKnownFileType = file.storyboard; name = Base; path = Base.lproj/Main.storyboard; sourceTree = "<group>"; };
		5BF77FDF1A8A7EA3006BBA8F /* Images.xcassets */ = {isa = PBXFileReference; lastKnownFileType = folder.assetcatalog; path = Images.xcassets; sourceTree = "<group>"; };
		5BF77FE21A8A7EA3006BBA8F /* Base */ = {isa = PBXFileReference; lastKnownFileType = file.xib; name = Base; path = Base.lproj/LaunchScreen.xib; sourceTree = "<group>"; };
		5BF77FE81A8A7EA3006BBA8F /* UIImageViewTestTests.xctest */ = {isa = PBXFileReference; explicitFileType = wrapper.cfbundle; includeInIndex = 0; path = UIImageViewTestTests.xctest; sourceTree = BUILT_PRODUCTS_DIR; };
		5BF77FED1A8A7EA3006BBA8F /* Info.plist */ = {isa = PBXFileReference; lastKnownFileType = text.plist.xml; path = Info.plist; sourceTree = "<group>"; };
		5BF77FEE1A8A7EA3006BBA8F /* UIImageViewTestTests.swift */ = {isa = PBXFileReference; lastKnownFileType = sourcecode.swift; path = UIImageViewTestTests.swift; sourceTree = "<group>"; };
		5BF77FF81A8A7EDE006BBA8F /* PNG */ = {isa = PBXFileReference; lastKnownFileType = folder; name = PNG; path = ../../../../Pictures/PNG; sourceTree = "<group>"; };
/* End PBXFileReference section */

/* Begin PBXFrameworksBuildPhase section */
		5BF77FD01A8A7EA3006BBA8F /* Frameworks */ = {
			isa = PBXFrameworksBuildPhase;
			buildActionMask = 2147483647;
			files = (
			);
			runOnlyForDeploymentPostprocessing = 0;
		};
		5BF77FE51A8A7EA3006BBA8F /* Frameworks */ = {
			isa = PBXFrameworksBuildPhase;
			buildActionMask = 2147483647;
			files = (
			);
			runOnlyForDeploymentPostprocessing = 0;
		};
/* End PBXFrameworksBuildPhase section */

/* Begin PBXGroup section */
		5BF77FCA1A8A7EA3006BBA8F = {
			isa = PBXGroup;
			children = (
				5BF77FD51A8A7EA3006BBA8F /* UIImageViewTest */,
				5BF77FEB1A8A7EA3006BBA8F /* UIImageViewTestTests */,
				5BF77FD41A8A7EA3006BBA8F /* Products */,
			);
			sourceTree = "<group>";
		};
		5BF77FD41A8A7EA3006BBA8F /* Products */ = {
			isa = PBXGroup;
			children = (
				5BF77FD31A8A7EA3006BBA8F /* UIImageViewTest.app */,
				5BF77FE81A8A7EA3006BBA8F /* UIImageViewTestTests.xctest */,
			);
			name = Products;
			sourceTree = "<group>";
		};
		5BF77FD51A8A7EA3006BBA8F /* UIImageViewTest */ = {
			isa = PBXGroup;
			children = (
				5BF77FD81A8A7EA3006BBA8F /* AppDelegate.swift */,
				5BF77FDA1A8A7EA3006BBA8F /* ViewController.swift */,
				5BF77FDC1A8A7EA3006BBA8F /* Main.storyboard */,
				5BF77FDF1A8A7EA3006BBA8F /* Images.xcassets */,
				5BF77FE11A8A7EA3006BBA8F /* LaunchScreen.xib */,
				5BF77FD61A8A7EA3006BBA8F /* Supporting Files */,
			);
			path = UIImageViewTest;
			sourceTree = "<group>";
		};
		5BF77FD61A8A7EA3006BBA8F /* Supporting Files */ = {
			isa = PBXGroup;
			children = (
				5BF77FF81A8A7EDE006BBA8F /* PNG */,
				5BF77FD71A8A7EA3006BBA8F /* Info.plist */,
			);
			name = "Supporting Files";
			sourceTree = "<group>";
		};
		5BF77FEB1A8A7EA3006BBA8F /* UIImageViewTestTests */ = {
			isa = PBXGroup;
			children = (
				5BF77FEE1A8A7EA3006BBA8F /* UIImageViewTestTests.swift */,
				5BF77FEC1A8A7EA3006BBA8F /* Supporting Files */,
			);
			path = UIImageViewTestTests;
			sourceTree = "<group>";
		};
		5BF77FEC1A8A7EA3006BBA8F /* Supporting Files */ = {
			isa = PBXGroup;
			children = (
				5BF77FED1A8A7EA3006BBA8F /* Info.plist */,
			);
			name = "Supporting Files";
			sourceTree = "<group>";
		};
/* End PBXGroup section */

/* Begin PBXNativeTarget section */
		5BF77FD21A8A7EA3006BBA8F /* UIImageViewTest */ = {
			isa = PBXNativeTarget;
			buildConfigurationList = 5BF77FF21A8A7EA3006BBA8F /* Build configuration list for PBXNativeTarget "UIImageViewTest" */;
			buildPhases = (
				5BF77FCF1A8A7EA3006BBA8F /* Sources */,
				5BF77FD01A8A7EA3006BBA8F /* Frameworks */,
				5BF77FD11A8A7EA3006BBA8F /* Resources */,
			);
			buildRules = (
			);
			dependencies = (
			);
			name = UIImageViewTest;
			productName = UIImageViewTest;
			productReference = 5BF77FD31A8A7EA3006BBA8F /* UIImageViewTest.app */;
			productType = "com.apple.product-type.application";
		};
		5BF77FE71A8A7EA3006BBA8F /* UIImageViewTestTests */ = {
			isa = PBXNativeTarget;
			buildConfigurationList = 5BF77FF51A8A7EA3006BBA8F /* Build configuration list for PBXNativeTarget "UIImageViewTestTests" */;
			buildPhases = (
				5BF77FE41A8A7EA3006BBA8F /* Sources */,
				5BF77FE51A8A7EA3006BBA8F /* Frameworks */,
				5BF77FE61A8A7EA3006BBA8F /* Resources */,
			);
			buildRules = (
			);
			dependencies = (
				5BF77FEA1A8A7EA3006BBA8F /* PBXTargetDependency */,
			);
			name = UIImageViewTestTests;
			productName = UIImageViewTestTests;
			productReference = 5BF77FE81A8A7EA3006BBA8F /* UIImageViewTestTests.xctest */;
			productType = "com.apple.product-type.bundle.unit-test";
		};
/* End PBXNativeTarget section */

/* Begin PBXProject section */
		5BF77FCB1A8A7EA3006BBA8F /* Project object */ = {
			isa = PBXProject;
			attributes = {
				LastUpgradeCheck = 0610;
				ORGANIZATIONNAME = Sean;
				TargetAttributes = {
					5BF77FD21A8A7EA3006BBA8F = {
						CreatedOnToolsVersion = 6.1.1;
					};
					5BF77FE71A8A7EA3006BBA8F = {
						CreatedOnToolsVersion = 6.1.1;
						TestTargetID = 5BF77FD21A8A7EA3006BBA8F;
					};
				};
			};
			buildConfigurationList = 5BF77FCE1A8A7EA3006BBA8F /* Build configuration list for PBXProject "UIImageViewTest" */;
			compatibilityVersion = "Xcode 3.2";
			developmentRegion = English;
			hasScannedForEncodings = 0;
			knownRegions = (
				en,
				Base,
			);
			mainGroup = 5BF77FCA1A8A7EA3006BBA8F;
			productRefGroup = 5BF77FD41A8A7EA3006BBA8F /* Products */;
			projectDirPath = "";
			projectRoot = "";
			targets = (
				5BF77FD21A8A7EA3006BBA8F /* UIImageViewTest */,
				5BF77FE71A8A7EA3006BBA8F /* UIImageViewTestTests */,
			);
		};
/* End PBXProject section */

/* Begin PBXResourcesBuildPhase section */
		5BF77FD11A8A7EA3006BBA8F /* Resources */ = {
			isa = PBXResourcesBuildPhase;
			buildActionMask = 2147483647;
			files = (
				5BF77FF91A8A7EDE006BBA8F /* PNG in Resources */,
				5BF77FDE1A8A7EA3006BBA8F /* Main.storyboard in Resources */,
				5BF77FE31A8A7EA3006BBA8F /* LaunchScreen.xib in Resources */,
				5BF77FE01A8A7EA3006BBA8F /* Images.xcassets in Resources */,
			);
			runOnlyForDeploymentPostprocessing = 0;
		};
		5BF77FE61A8A7EA3006BBA8F /* Resources */ = {
			isa = PBXResourcesBuildPhase;
			buildActionMask = 2147483647;
			files = (
			);
			runOnlyForDeploymentPostprocessing = 0;
		};
/* End PBXResourcesBuildPhase section */

/* Begin PBXSourcesBuildPhase section */
		5BF77FCF1A8A7EA3006BBA8F /* Sources */ = {
			isa = PBXSourcesBuildPhase;
			buildActionMask = 2147483647;
			files = (
				5BF77FDB1A8A7EA3006BBA8F /* ViewController.swift in Sources */,
				5BF77FD91A8A7EA3006BBA8F /* AppDelegate.swift in Sources */,
			);
			runOnlyForDeploymentPostprocessing = 0;
		};
		5BF77FE41A8A7EA3006BBA8F /* Sources */ = {
			isa = PBXSourcesBuildPhase;
			buildActionMask = 2147483647;
			files = (
				5BF77FEF1A8A7EA3006BBA8F /* UIImageViewTestTests.swift in Sources */,
			);
			runOnlyForDeploymentPostprocessing = 0;
		};
/* End PBXSourcesBuildPhase section */

/* Begin PBXTargetDependency section */
		5BF77FEA1A8A7EA3006BBA8F /* PBXTargetDependency */ = {
			isa = PBXTargetDependency;
			target = 5BF77FD21A8A7EA3006BBA8F /* UIImageViewTest */;
			targetProxy = 5BF77FE91A8A7EA3006BBA8F /* PBXContainerItemProxy */;
		};
/* End PBXTargetDependency section */

/* Begin PBXVariantGroup section */
		5BF77FDC1A8A7EA3006BBA8F /* Main.storyboard */ = {
			isa = PBXVariantGroup;
			children = (
				5BF77FDD1A8A7EA3006BBA8F /* Base */,
			);
			name = Main.storyboard;
			sourceTree = "<group>";
		};
		5BF77FE11A8A7EA3006BBA8F /* LaunchScreen.xib */ = {
			isa = PBXVariantGroup;
			children = (
				5BF77FE21A8A7EA3006BBA8F /* Base */,
			);
			name = LaunchScreen.xib;
			sourceTree = "<group>";
		};
/* End PBXVariantGroup section */

/* Begin XCBuildConfiguration section */
		5BF77FF01A8A7EA3006BBA8F /* Debug */ = {
			isa = XCBuildConfiguration;
			buildSettings = {
				ALWAYS_SEARCH_USER_PATHS = NO;
				CLANG_CXX_LANGUAGE_STANDARD = "gnu++0x";
				CLANG_CXX_LIBRARY = "libc++";
				CLANG_ENABLE_MODULES = YES;
				CLANG_ENABLE_OBJC_ARC = YES;
				CLANG_WARN_BOOL_CONVERSION = YES;
				CLANG_WARN_CONSTANT_CONVERSION = YES;
				CLANG_WARN_DIRECT_OBJC_ISA_USAGE = YES_ERROR;
				CLANG_WARN_EMPTY_BODY = YES;
				CLANG_WARN_ENUM_CONVERSION = YES;
				CLANG_WARN_INT_CONVERSION = YES;
				CLANG_WARN_OBJC_ROOT_CLASS = YES_ERROR;
				CLANG_WARN_UNREACHABLE_CODE = YES;
				CLANG_WARN__DUPLICATE_METHOD_MATCH = YES;
				"CODE_SIGN_IDENTITY[sdk=iphoneos*]" = "iPhone Developer";
				COPY_PHASE_STRIP = NO;
				ENABLE_STRICT_OBJC_MSGSEND = YES;
				GCC_C_LANGUAGE_STANDARD = gnu99;
				GCC_DYNAMIC_NO_PIC = NO;
				GCC_OPTIMIZATION_LEVEL = 0;
				GCC_PREPROCESSOR_DEFINITIONS = (
					"DEBUG=1",
					"$(inherited)",
				);
				GCC_SYMBOLS_PRIVATE_EXTERN = NO;
				GCC_WARN_64_TO_32_BIT_CONVERSION = YES;
				GCC_WARN_ABOUT_RETURN_TYPE = YES_ERROR;
				GCC_WARN_UNDECLARED_SELECTOR = YES;
				GCC_WARN_UNINITIALIZED_AUTOS = YES_AGGRESSIVE;
				GCC_WARN_UNUSED_FUNCTION = YES;
				GCC_WARN_UNUSED_VARIABLE = YES;
				IPHONEOS_DEPLOYMENT_TARGET = 8.1;
				MTL_ENABLE_DEBUG_INFO = YES;
				ONLY_ACTIVE_ARCH = YES;
				SDKROOT = iphoneos;
				SWIFT_OPTIMIZATION_LEVEL = "-Onone";
			};
			name = Debug;
		};
		5BF77FF11A8A7EA3006BBA8F /* Release */ = {
			isa = XCBuildConfiguration;
			buildSettings = {
				ALWAYS_SEARCH_USER_PATHS = NO;
				CLANG_CXX_LANGUAGE_STANDARD = "gnu++0x";
				CLANG_CXX_LIBRARY = "libc++";
				CLANG_ENABLE_MODULES = YES;
				CLANG_ENABLE_OBJC_ARC = YES;
				CLANG_WARN_BOOL_CONVERSION = YES;
				CLANG_WARN_CONSTANT_CONVERSION = YES;
				CLANG_WARN_DIRECT_OBJC_ISA_USAGE = YES_ERROR;
				CLANG_WARN_EMPTY_BODY = YES;
				CLANG_WARN_ENUM_CONVERSION = YES;
				CLANG_WARN_INT_CONVERSION = YES;
				CLANG_WARN_OBJC_ROOT_CLASS = YES_ERROR;
				CLANG_WARN_UNREACHABLE_CODE = YES;
				CLANG_WARN__DUPLICATE_METHOD_MATCH = YES;
				"CODE_SIGN_IDENTITY[sdk=iphoneos*]" = "iPhone Developer";
				COPY_PHASE_STRIP = YES;
				ENABLE_NS_ASSERTIONS = NO;
				ENABLE_STRICT_OBJC_MSGSEND = YES;
				GCC_C_LANGUAGE_STANDARD = gnu99;
				GCC_WARN_64_TO_32_BIT_CONVERSION = YES;
				GCC_WARN_ABOUT_RETURN_TYPE = YES_ERROR;
				GCC_WARN_UNDECLARED_SELECTOR = YES;
				GCC_WARN_UNINITIALIZED_AUTOS = YES_AGGRESSIVE;
				GCC_WARN_UNUSED_FUNCTION = YES;
				GCC_WARN_UNUSED_VARIABLE = YES;
				IPHONEOS_DEPLOYMENT_TARGET = 8.1;
				MTL_ENABLE_DEBUG_INFO = NO;
				SDKROOT = iphoneos;
				VALIDATE_PRODUCT = YES;
			};
			name = Release;
		};
		5BF77FF31A8A7EA3006BBA8F /* Debug */ = {
			isa = XCBuildConfiguration;
			buildSettings = {
				ASSETCATALOG_COMPILER_APPICON_NAME = AppIcon;
				INFOPLIST_FILE = UIImageViewTest/Info.plist;
				LD_RUNPATH_SEARCH_PATHS = "$(inherited) @executable_path/Frameworks";
				PRODUCT_NAME = "$(TARGET_NAME)";
			};
			name = Debug;
		};
		5BF77FF41A8A7EA3006BBA8F /* Release */ = {
			isa = XCBuildConfiguration;
			buildSettings = {
				ASSETCATALOG_COMPILER_APPICON_NAME = AppIcon;
				INFOPLIST_FILE = UIImageViewTest/Info.plist;
				LD_RUNPATH_SEARCH_PATHS = "$(inherited) @executable_path/Frameworks";
				PRODUCT_NAME = "$(TARGET_NAME)";
			};
			name = Release;
		};
		5BF77FF61A8A7EA3006BBA8F /* Debug */ = {
			isa = XCBuildConfiguration;
			buildSettings = {
				BUNDLE_LOADER = "$(TEST_HOST)";
				FRAMEWORK_SEARCH_PATHS = (
					"$(SDKROOT)/Developer/Library/Frameworks",
					"$(inherited)",
				);
				GCC_PREPROCESSOR_DEFINITIONS = (
					"DEBUG=1",
					"$(inherited)",
				);
				INFOPLIST_FILE = UIImageViewTestTests/Info.plist;
				LD_RUNPATH_SEARCH_PATHS = "$(inherited) @executable_path/Frameworks @loader_path/Frameworks";
				PRODUCT_NAME = "$(TARGET_NAME)";
				TEST_HOST = "$(BUILT_PRODUCTS_DIR)/UIImageViewTest.app/UIImageViewTest";
			};
			name = Debug;
		};
		5BF77FF71A8A7EA3006BBA8F /* Release */ = {
			isa = XCBuildConfiguration;
			buildSettings = {
				BUNDLE_LOADER = "$(TEST_HOST)";
				FRAMEWORK_SEARCH_PATHS = (
					"$(SDKROOT)/Developer/Library/Frameworks",
					"$(inherited)",
				);
				INFOPLIST_FILE = UIImageViewTestTests/Info.plist;
				LD_RUNPATH_SEARCH_PATHS = "$(inherited) @executable_path/Frameworks @loader_path/Frameworks";
				PRODUCT_NAME = "$(TARGET_NAME)";
				TEST_HOST = "$(BUILT_PRODUCTS_DIR)/UIImageViewTest.app/UIImageViewTest";
			};
			name = Release;
		};
/* End XCBuildConfiguration section */

/* Begin XCConfigurationList section */
		5BF77FCE1A8A7EA3006BBA8F /* Build configuration list for PBXProject "UIImageViewTest" */ = {
			isa = XCConfigurationList;
			buildConfigurations = (
				5BF77FF01A8A7EA3006BBA8F /* Debug */,
				5BF77FF11A8A7EA3006BBA8F /* Release */,
			);
			defaultConfigurationIsVisible = 0;
			defaultConfigurationName = Release;
		};
		5BF77FF21A8A7EA3006BBA8F /* Build configuration list for PBXNativeTarget "UIImageViewTest" */ = {
			isa = XCConfigurationList;
			buildConfigurations = (
				5BF77FF31A8A7EA3006BBA8F /* Debug */,
				5BF77FF41A8A7EA3006BBA8F /* Release */,
			);
			defaultConfigurationIsVisible = 0;
		};
		5BF77FF51A8A7EA3006BBA8F /* Build configuration list for PBXNativeTarget "UIImageViewTestTests" */ = {
			isa = XCConfigurationList;
			buildConfigurations = (
				5BF77FF61A8A7EA3006BBA8F /* Debug */,
				5BF77FF71A8A7EA3006BBA8F /* Release */,
			);
			defaultConfigurationIsVisible = 0;
		};
/* End XCConfigurationList section */
	};
	rootObject = 5BF77FCB1A8A7EA3006BBA8F /* Project object */;
}
