// !$*UTF8*$!
{
	archiveVersion = 1;
	classes = {
	};
	objectVersion = 46;
	objects = {

/* Begin PBXBuildFile section */
		5B8123C71A8EACE700EF490E /* AppDelegate.swift in Sources */ = {isa = PBXBuildFile; fileRef = 5B8123C61A8EACE700EF490E /* AppDelegate.swift */; };
		5B8123C91A8EACE700EF490E /* ViewController.swift in Sources */ = {isa = PBXBuildFile; fileRef = 5B8123C81A8EACE700EF490E /* ViewController.swift */; };
		5B8123CC1A8EACE700EF490E /* Main.storyboard in Resources */ = {isa = PBXBuildFile; fileRef = 5B8123CA1A8EACE700EF490E /* Main.storyboard */; };
		5B8123CE1A8EACE700EF490E /* Images.xcassets in Resources */ = {isa = PBXBuildFile; fileRef = 5B8123CD1A8EACE700EF490E /* Images.xcassets */; };
		5B8123D11A8EACE700EF490E /* LaunchScreen.xib in Resources */ = {isa = PBXBuildFile; fileRef = 5B8123CF1A8EACE700EF490E /* LaunchScreen.xib */; };
		5B8123DD1A8EACE700EF490E /* CreateCustomViewDeomTests.swift in Sources */ = {isa = PBXBuildFile; fileRef = 5B8123DC1A8EACE700EF490E /* CreateCustomViewDeomTests.swift */; };
/* End PBXBuildFile section */

/* Begin PBXContainerItemProxy section */
		5B8123D71A8EACE700EF490E /* PBXContainerItemProxy */ = {
			isa = PBXContainerItemProxy;
			containerPortal = 5B8123B91A8EACE700EF490E /* Project object */;
			proxyType = 1;
			remoteGlobalIDString = 5B8123C01A8EACE700EF490E;
			remoteInfo = CreateCustomViewDeom;
		};
/* End PBXContainerItemProxy section */

/* Begin PBXFileReference section */
		5B8123C11A8EACE700EF490E /* CreateCustomViewDeom.app */ = {isa = PBXFileReference; explicitFileType = wrapper.application; includeInIndex = 0; path = CreateCustomViewDeom.app; sourceTree = BUILT_PRODUCTS_DIR; };
		5B8123C51A8EACE700EF490E /* Info.plist */ = {isa = PBXFileReference; lastKnownFileType = text.plist.xml; path = Info.plist; sourceTree = "<group>"; };
		5B8123C61A8EACE700EF490E /* AppDelegate.swift */ = {isa = PBXFileReference; lastKnownFileType = sourcecode.swift; path = AppDelegate.swift; sourceTree = "<group>"; };
		5B8123C81A8EACE700EF490E /* ViewController.swift */ = {isa = PBXFileReference; lastKnownFileType = sourcecode.swift; path = ViewController.swift; sourceTree = "<group>"; };
		5B8123CB1A8EACE700EF490E /* Base */ = {isa = PBXFileReference; lastKnownFileType = file.storyboard; name = Base; path = Base.lproj/Main.storyboard; sourceTree = "<group>"; };
		5B8123CD1A8EACE700EF490E /* Images.xcassets */ = {isa = PBXFileReference; lastKnownFileType = folder.assetcatalog; path = Images.xcassets; sourceTree = "<group>"; };
		5B8123D01A8EACE700EF490E /* Base */ = {isa = PBXFileReference; lastKnownFileType = file.xib; name = Base; path = Base.lproj/LaunchScreen.xib; sourceTree = "<group>"; };
		5B8123D61A8EACE700EF490E /* CreateCustomViewDeomTests.xctest */ = {isa = PBXFileReference; explicitFileType = wrapper.cfbundle; includeInIndex = 0; path = CreateCustomViewDeomTests.xctest; sourceTree = BUILT_PRODUCTS_DIR; };
		5B8123DB1A8EACE700EF490E /* Info.plist */ = {isa = PBXFileReference; lastKnownFileType = text.plist.xml; path = Info.plist; sourceTree = "<group>"; };
		5B8123DC1A8EACE700EF490E /* CreateCustomViewDeomTests.swift */ = {isa = PBXFileReference; lastKnownFileType = sourcecode.swift; path = CreateCustomViewDeomTests.swift; sourceTree = "<group>"; };
/* End PBXFileReference section */

/* Begin PBXFrameworksBuildPhase section */
		5B8123BE1A8EACE700EF490E /* Frameworks */ = {
			isa = PBXFrameworksBuildPhase;
			buildActionMask = 2147483647;
			files = (
			);
			runOnlyForDeploymentPostprocessing = 0;
		};
		5B8123D31A8EACE700EF490E /* Frameworks */ = {
			isa = PBXFrameworksBuildPhase;
			buildActionMask = 2147483647;
			files = (
			);
			runOnlyForDeploymentPostprocessing = 0;
		};
/* End PBXFrameworksBuildPhase section */

/* Begin PBXGroup section */
		5B8123B81A8EACE700EF490E = {
			isa = PBXGroup;
			children = (
				5B8123C31A8EACE700EF490E /* CreateCustomViewDeom */,
				5B8123D91A8EACE700EF490E /* CreateCustomViewDeomTests */,
				5B8123C21A8EACE700EF490E /* Products */,
			);
			sourceTree = "<group>";
		};
		5B8123C21A8EACE700EF490E /* Products */ = {
			isa = PBXGroup;
			children = (
				5B8123C11A8EACE700EF490E /* CreateCustomViewDeom.app */,
				5B8123D61A8EACE700EF490E /* CreateCustomViewDeomTests.xctest */,
			);
			name = Products;
			sourceTree = "<group>";
		};
		5B8123C31A8EACE700EF490E /* CreateCustomViewDeom */ = {
			isa = PBXGroup;
			children = (
				5B8123C61A8EACE700EF490E /* AppDelegate.swift */,
				5B8123C81A8EACE700EF490E /* ViewController.swift */,
				5B8123CA1A8EACE700EF490E /* Main.storyboard */,
				5B8123CD1A8EACE700EF490E /* Images.xcassets */,
				5B8123CF1A8EACE700EF490E /* LaunchScreen.xib */,
				5B8123C41A8EACE700EF490E /* Supporting Files */,
			);
			path = CreateCustomViewDeom;
			sourceTree = "<group>";
		};
		5B8123C41A8EACE700EF490E /* Supporting Files */ = {
			isa = PBXGroup;
			children = (
				5B8123C51A8EACE700EF490E /* Info.plist */,
			);
			name = "Supporting Files";
			sourceTree = "<group>";
		};
		5B8123D91A8EACE700EF490E /* CreateCustomViewDeomTests */ = {
			isa = PBXGroup;
			children = (
				5B8123DC1A8EACE700EF490E /* CreateCustomViewDeomTests.swift */,
				5B8123DA1A8EACE700EF490E /* Supporting Files */,
			);
			path = CreateCustomViewDeomTests;
			sourceTree = "<group>";
		};
		5B8123DA1A8EACE700EF490E /* Supporting Files */ = {
			isa = PBXGroup;
			children = (
				5B8123DB1A8EACE700EF490E /* Info.plist */,
			);
			name = "Supporting Files";
			sourceTree = "<group>";
		};
/* End PBXGroup section */

/* Begin PBXNativeTarget section */
		5B8123C01A8EACE700EF490E /* CreateCustomViewDeom */ = {
			isa = PBXNativeTarget;
			buildConfigurationList = 5B8123E01A8EACE700EF490E /* Build configuration list for PBXNativeTarget "CreateCustomViewDeom" */;
			buildPhases = (
				5B8123BD1A8EACE700EF490E /* Sources */,
				5B8123BE1A8EACE700EF490E /* Frameworks */,
				5B8123BF1A8EACE700EF490E /* Resources */,
			);
			buildRules = (
			);
			dependencies = (
			);
			name = CreateCustomViewDeom;
			productName = CreateCustomViewDeom;
			productReference = 5B8123C11A8EACE700EF490E /* CreateCustomViewDeom.app */;
			productType = "com.apple.product-type.application";
		};
		5B8123D51A8EACE700EF490E /* CreateCustomViewDeomTests */ = {
			isa = PBXNativeTarget;
			buildConfigurationList = 5B8123E31A8EACE700EF490E /* Build configuration list for PBXNativeTarget "CreateCustomViewDeomTests" */;
			buildPhases = (
				5B8123D21A8EACE700EF490E /* Sources */,
				5B8123D31A8EACE700EF490E /* Frameworks */,
				5B8123D41A8EACE700EF490E /* Resources */,
			);
			buildRules = (
			);
			dependencies = (
				5B8123D81A8EACE700EF490E /* PBXTargetDependency */,
			);
			name = CreateCustomViewDeomTests;
			productName = CreateCustomViewDeomTests;
			productReference = 5B8123D61A8EACE700EF490E /* CreateCustomViewDeomTests.xctest */;
			productType = "com.apple.product-type.bundle.unit-test";
		};
/* End PBXNativeTarget section */

/* Begin PBXProject section */
		5B8123B91A8EACE700EF490E /* Project object */ = {
			isa = PBXProject;
			attributes = {
				LastUpgradeCheck = 0610;
				ORGANIZATIONNAME = Sean;
				TargetAttributes = {
					5B8123C01A8EACE700EF490E = {
						CreatedOnToolsVersion = 6.1.1;
					};
					5B8123D51A8EACE700EF490E = {
						CreatedOnToolsVersion = 6.1.1;
						TestTargetID = 5B8123C01A8EACE700EF490E;
					};
				};
			};
			buildConfigurationList = 5B8123BC1A8EACE700EF490E /* Build configuration list for PBXProject "CreateCustomViewDeom" */;
			compatibilityVersion = "Xcode 3.2";
			developmentRegion = English;
			hasScannedForEncodings = 0;
			knownRegions = (
				en,
				Base,
			);
			mainGroup = 5B8123B81A8EACE700EF490E;
			productRefGroup = 5B8123C21A8EACE700EF490E /* Products */;
			projectDirPath = "";
			projectRoot = "";
			targets = (
				5B8123C01A8EACE700EF490E /* CreateCustomViewDeom */,
				5B8123D51A8EACE700EF490E /* CreateCustomViewDeomTests */,
			);
		};
/* End PBXProject section */

/* Begin PBXResourcesBuildPhase section */
		5B8123BF1A8EACE700EF490E /* Resources */ = {
			isa = PBXResourcesBuildPhase;
			buildActionMask = 2147483647;
			files = (
				5B8123CC1A8EACE700EF490E /* Main.storyboard in Resources */,
				5B8123D11A8EACE700EF490E /* LaunchScreen.xib in Resources */,
				5B8123CE1A8EACE700EF490E /* Images.xcassets in Resources */,
			);
			runOnlyForDeploymentPostprocessing = 0;
		};
		5B8123D41A8EACE700EF490E /* Resources */ = {
			isa = PBXResourcesBuildPhase;
			buildActionMask = 2147483647;
			files = (
			);
			runOnlyForDeploymentPostprocessing = 0;
		};
/* End PBXResourcesBuildPhase section */

/* Begin PBXSourcesBuildPhase section */
		5B8123BD1A8EACE700EF490E /* Sources */ = {
			isa = PBXSourcesBuildPhase;
			buildActionMask = 2147483647;
			files = (
				5B8123C91A8EACE700EF490E /* ViewController.swift in Sources */,
				5B8123C71A8EACE700EF490E /* AppDelegate.swift in Sources */,
			);
			runOnlyForDeploymentPostprocessing = 0;
		};
		5B8123D21A8EACE700EF490E /* Sources */ = {
			isa = PBXSourcesBuildPhase;
			buildActionMask = 2147483647;
			files = (
				5B8123DD1A8EACE700EF490E /* CreateCustomViewDeomTests.swift in Sources */,
			);
			runOnlyForDeploymentPostprocessing = 0;
		};
/* End PBXSourcesBuildPhase section */

/* Begin PBXTargetDependency section */
		5B8123D81A8EACE700EF490E /* PBXTargetDependency */ = {
			isa = PBXTargetDependency;
			target = 5B8123C01A8EACE700EF490E /* CreateCustomViewDeom */;
			targetProxy = 5B8123D71A8EACE700EF490E /* PBXContainerItemProxy */;
		};
/* End PBXTargetDependency section */

/* Begin PBXVariantGroup section */
		5B8123CA1A8EACE700EF490E /* Main.storyboard */ = {
			isa = PBXVariantGroup;
			children = (
				5B8123CB1A8EACE700EF490E /* Base */,
			);
			name = Main.storyboard;
			sourceTree = "<group>";
		};
		5B8123CF1A8EACE700EF490E /* LaunchScreen.xib */ = {
			isa = PBXVariantGroup;
			children = (
				5B8123D01A8EACE700EF490E /* Base */,
			);
			name = LaunchScreen.xib;
			sourceTree = "<group>";
		};
/* End PBXVariantGroup section */

/* Begin XCBuildConfiguration section */
		5B8123DE1A8EACE700EF490E /* Debug */ = {
			isa = XCBuildConfiguration;
			buildSettings = {
				ALWAYS_SEARCH_USER_PATHS = NO;
				CLANG_CXX_LANGUAGE_STANDARD = "gnu++0x";
				CLANG_CXX_LIBRARY = "libc++";
				CLANG_ENABLE_MODULES = YES;
				CLANG_ENABLE_OBJC_ARC = YES;
				CLANG_WARN_BOOL_CONVERSION = YES;
				CLANG_WARN_CONSTANT_CONVERSION = YES;
				CLANG_WARN_DIRECT_OBJC_ISA_USAGE = YES_ERROR;
				CLANG_WARN_EMPTY_BODY = YES;
				CLANG_WARN_ENUM_CONVERSION = YES;
				CLANG_WARN_INT_CONVERSION = YES;
				CLANG_WARN_OBJC_ROOT_CLASS = YES_ERROR;
				CLANG_WARN_UNREACHABLE_CODE = YES;
				CLANG_WARN__DUPLICATE_METHOD_MATCH = YES;
				"CODE_SIGN_IDENTITY[sdk=iphoneos*]" = "iPhone Developer";
				COPY_PHASE_STRIP = NO;
				ENABLE_STRICT_OBJC_MSGSEND = YES;
				GCC_C_LANGUAGE_STANDARD = gnu99;
				GCC_DYNAMIC_NO_PIC = NO;
				GCC_OPTIMIZATION_LEVEL = 0;
				GCC_PREPROCESSOR_DEFINITIONS = (
					"DEBUG=1",
					"$(inherited)",
				);
				GCC_SYMBOLS_PRIVATE_EXTERN = NO;
				GCC_WARN_64_TO_32_BIT_CONVERSION = YES;
				GCC_WARN_ABOUT_RETURN_TYPE = YES_ERROR;
				GCC_WARN_UNDECLARED_SELECTOR = YES;
				GCC_WARN_UNINITIALIZED_AUTOS = YES_AGGRESSIVE;
				GCC_WARN_UNUSED_FUNCTION = YES;
				GCC_WARN_UNUSED_VARIABLE = YES;
				IPHONEOS_DEPLOYMENT_TARGET = 8.1;
				MTL_ENABLE_DEBUG_INFO = YES;
				ONLY_ACTIVE_ARCH = YES;
				SDKROOT = iphoneos;
				SWIFT_OPTIMIZATION_LEVEL = "-Onone";
			};
			name = Debug;
		};
		5B8123DF1A8EACE700EF490E /* Release */ = {
			isa = XCBuildConfiguration;
			buildSettings = {
				ALWAYS_SEARCH_USER_PATHS = NO;
				CLANG_CXX_LANGUAGE_STANDARD = "gnu++0x";
				CLANG_CXX_LIBRARY = "libc++";
				CLANG_ENABLE_MODULES = YES;
				CLANG_ENABLE_OBJC_ARC = YES;
				CLANG_WARN_BOOL_CONVERSION = YES;
				CLANG_WARN_CONSTANT_CONVERSION = YES;
				CLANG_WARN_DIRECT_OBJC_ISA_USAGE = YES_ERROR;
				CLANG_WARN_EMPTY_BODY = YES;
				CLANG_WARN_ENUM_CONVERSION = YES;
				CLANG_WARN_INT_CONVERSION = YES;
				CLANG_WARN_OBJC_ROOT_CLASS = YES_ERROR;
				CLANG_WARN_UNREACHABLE_CODE = YES;
				CLANG_WARN__DUPLICATE_METHOD_MATCH = YES;
				"CODE_SIGN_IDENTITY[sdk=iphoneos*]" = "iPhone Developer";
				COPY_PHASE_STRIP = YES;
				ENABLE_NS_ASSERTIONS = NO;
				ENABLE_STRICT_OBJC_MSGSEND = YES;
				GCC_C_LANGUAGE_STANDARD = gnu99;
				GCC_WARN_64_TO_32_BIT_CONVERSION = YES;
				GCC_WARN_ABOUT_RETURN_TYPE = YES_ERROR;
				GCC_WARN_UNDECLARED_SELECTOR = YES;
				GCC_WARN_UNINITIALIZED_AUTOS = YES_AGGRESSIVE;
				GCC_WARN_UNUSED_FUNCTION = YES;
				GCC_WARN_UNUSED_VARIABLE = YES;
				IPHONEOS_DEPLOYMENT_TARGET = 8.1;
				MTL_ENABLE_DEBUG_INFO = NO;
				SDKROOT = iphoneos;
				VALIDATE_PRODUCT = YES;
			};
			name = Release;
		};
		5B8123E11A8EACE700EF490E /* Debug */ = {
			isa = XCBuildConfiguration;
			buildSettings = {
				ASSETCATALOG_COMPILER_APPICON_NAME = AppIcon;
				INFOPLIST_FILE = CreateCustomViewDeom/Info.plist;
				LD_RUNPATH_SEARCH_PATHS = "$(inherited) @executable_path/Frameworks";
				PRODUCT_NAME = "$(TARGET_NAME)";
			};
			name = Debug;
		};
		5B8123E21A8EACE700EF490E /* Release */ = {
			isa = XCBuildConfiguration;
			buildSettings = {
				ASSETCATALOG_COMPILER_APPICON_NAME = AppIcon;
				INFOPLIST_FILE = CreateCustomViewDeom/Info.plist;
				LD_RUNPATH_SEARCH_PATHS = "$(inherited) @executable_path/Frameworks";
				PRODUCT_NAME = "$(TARGET_NAME)";
			};
			name = Release;
		};
		5B8123E41A8EACE700EF490E /* Debug */ = {
			isa = XCBuildConfiguration;
			buildSettings = {
				BUNDLE_LOADER = "$(TEST_HOST)";
				FRAMEWORK_SEARCH_PATHS = (
					"$(SDKROOT)/Developer/Library/Frameworks",
					"$(inherited)",
				);
				GCC_PREPROCESSOR_DEFINITIONS = (
					"DEBUG=1",
					"$(inherited)",
				);
				INFOPLIST_FILE = CreateCustomViewDeomTests/Info.plist;
				LD_RUNPATH_SEARCH_PATHS = "$(inherited) @executable_path/Frameworks @loader_path/Frameworks";
				PRODUCT_NAME = "$(TARGET_NAME)";
				TEST_HOST = "$(BUILT_PRODUCTS_DIR)/CreateCustomViewDeom.app/CreateCustomViewDeom";
			};
			name = Debug;
		};
		5B8123E51A8EACE700EF490E /* Release */ = {
			isa = XCBuildConfiguration;
			buildSettings = {
				BUNDLE_LOADER = "$(TEST_HOST)";
				FRAMEWORK_SEARCH_PATHS = (
					"$(SDKROOT)/Developer/Library/Frameworks",
					"$(inherited)",
				);
				INFOPLIST_FILE = CreateCustomViewDeomTests/Info.plist;
				LD_RUNPATH_SEARCH_PATHS = "$(inherited) @executable_path/Frameworks @loader_path/Frameworks";
				PRODUCT_NAME = "$(TARGET_NAME)";
				TEST_HOST = "$(BUILT_PRODUCTS_DIR)/CreateCustomViewDeom.app/CreateCustomViewDeom";
			};
			name = Release;
		};
/* End XCBuildConfiguration section */

/* Begin XCConfigurationList section */
		5B8123BC1A8EACE700EF490E /* Build configuration list for PBXProject "CreateCustomViewDeom" */ = {
			isa = XCConfigurationList;
			buildConfigurations = (
				5B8123DE1A8EACE700EF490E /* Debug */,
				5B8123DF1A8EACE700EF490E /* Release */,
			);
			defaultConfigurationIsVisible = 0;
			defaultConfigurationName = Release;
		};
		5B8123E01A8EACE700EF490E /* Build configuration list for PBXNativeTarget "CreateCustomViewDeom" */ = {
			isa = XCConfigurationList;
			buildConfigurations = (
				5B8123E11A8EACE700EF490E /* Debug */,
				5B8123E21A8EACE700EF490E /* Release */,
			);
			defaultConfigurationIsVisible = 0;
		};
		5B8123E31A8EACE700EF490E /* Build configuration list for PBXNativeTarget "CreateCustomViewDeomTests" */ = {
			isa = XCConfigurationList;
			buildConfigurations = (
				5B8123E41A8EACE700EF490E /* Debug */,
				5B8123E51A8EACE700EF490E /* Release */,
			);
			defaultConfigurationIsVisible = 0;
		};
/* End XCConfigurationList section */
	};
	rootObject = 5B8123B91A8EACE700EF490E /* Project object */;
}
