// !$*UTF8*$!
{
	archiveVersion = 1;
	classes = {
	};
	objectVersion = 46;
	objects = {

/* Begin PBXBuildFile section */
		5B5BB6671A83D4580077D62A /* AppDelegate.swift in Sources */ = {isa = PBXBuildFile; fileRef = 5B5BB6661A83D4580077D62A /* AppDelegate.swift */; };
		5B5BB6691A83D4580077D62A /* ViewController.swift in Sources */ = {isa = PBXBuildFile; fileRef = 5B5BB6681A83D4580077D62A /* ViewController.swift */; };
		5B5BB66C1A83D4580077D62A /* Main.storyboard in Resources */ = {isa = PBXBuildFile; fileRef = 5B5BB66A1A83D4580077D62A /* Main.storyboard */; };
		5B5BB66E1A83D4580077D62A /* Images.xcassets in Resources */ = {isa = PBXBuildFile; fileRef = 5B5BB66D1A83D4580077D62A /* Images.xcassets */; };
		5B5BB6711A83D4580077D62A /* LaunchScreen.xib in Resources */ = {isa = PBXBuildFile; fileRef = 5B5BB66F1A83D4580077D62A /* LaunchScreen.xib */; };
		5B5BB67D1A83D4580077D62A /* mapkitTestTests.swift in Sources */ = {isa = PBXBuildFile; fileRef = 5B5BB67C1A83D4580077D62A /* mapkitTestTests.swift */; };
		5B5BB6871A83D4830077D62A /* MapKit.framework in Frameworks */ = {isa = PBXBuildFile; fileRef = 5B5BB6861A83D4830077D62A /* MapKit.framework */; };
/* End PBXBuildFile section */

/* Begin PBXContainerItemProxy section */
		5B5BB6771A83D4580077D62A /* PBXContainerItemProxy */ = {
			isa = PBXContainerItemProxy;
			containerPortal = 5B5BB6591A83D4580077D62A /* Project object */;
			proxyType = 1;
			remoteGlobalIDString = 5B5BB6601A83D4580077D62A;
			remoteInfo = mapkitTest;
		};
/* End PBXContainerItemProxy section */

/* Begin PBXFileReference section */
		5B5BB6611A83D4580077D62A /* mapkitTest.app */ = {isa = PBXFileReference; explicitFileType = wrapper.application; includeInIndex = 0; path = mapkitTest.app; sourceTree = BUILT_PRODUCTS_DIR; };
		5B5BB6651A83D4580077D62A /* Info.plist */ = {isa = PBXFileReference; lastKnownFileType = text.plist.xml; path = Info.plist; sourceTree = "<group>"; };
		5B5BB6661A83D4580077D62A /* AppDelegate.swift */ = {isa = PBXFileReference; lastKnownFileType = sourcecode.swift; path = AppDelegate.swift; sourceTree = "<group>"; };
		5B5BB6681A83D4580077D62A /* ViewController.swift */ = {isa = PBXFileReference; lastKnownFileType = sourcecode.swift; path = ViewController.swift; sourceTree = "<group>"; };
		5B5BB66B1A83D4580077D62A /* Base */ = {isa = PBXFileReference; lastKnownFileType = file.storyboard; name = Base; path = Base.lproj/Main.storyboard; sourceTree = "<group>"; };
		5B5BB66D1A83D4580077D62A /* Images.xcassets */ = {isa = PBXFileReference; lastKnownFileType = folder.assetcatalog; path = Images.xcassets; sourceTree = "<group>"; };
		5B5BB6701A83D4580077D62A /* Base */ = {isa = PBXFileReference; lastKnownFileType = file.xib; name = Base; path = Base.lproj/LaunchScreen.xib; sourceTree = "<group>"; };
		5B5BB6761A83D4580077D62A /* mapkitTestTests.xctest */ = {isa = PBXFileReference; explicitFileType = wrapper.cfbundle; includeInIndex = 0; path = mapkitTestTests.xctest; sourceTree = BUILT_PRODUCTS_DIR; };
		5B5BB67B1A83D4580077D62A /* Info.plist */ = {isa = PBXFileReference; lastKnownFileType = text.plist.xml; path = Info.plist; sourceTree = "<group>"; };
		5B5BB67C1A83D4580077D62A /* mapkitTestTests.swift */ = {isa = PBXFileReference; lastKnownFileType = sourcecode.swift; path = mapkitTestTests.swift; sourceTree = "<group>"; };
		5B5BB6861A83D4830077D62A /* MapKit.framework */ = {isa = PBXFileReference; lastKnownFileType = wrapper.framework; name = MapKit.framework; path = System/Library/Frameworks/MapKit.framework; sourceTree = SDKROOT; };
/* End PBXFileReference section */

/* Begin PBXFrameworksBuildPhase section */
		5B5BB65E1A83D4580077D62A /* Frameworks */ = {
			isa = PBXFrameworksBuildPhase;
			buildActionMask = 2147483647;
			files = (
				5B5BB6871A83D4830077D62A /* MapKit.framework in Frameworks */,
			);
			runOnlyForDeploymentPostprocessing = 0;
		};
		5B5BB6731A83D4580077D62A /* Frameworks */ = {
			isa = PBXFrameworksBuildPhase;
			buildActionMask = 2147483647;
			files = (
			);
			runOnlyForDeploymentPostprocessing = 0;
		};
/* End PBXFrameworksBuildPhase section */

/* Begin PBXGroup section */
		5B5BB6581A83D4580077D62A = {
			isa = PBXGroup;
			children = (
				5B5BB6861A83D4830077D62A /* MapKit.framework */,
				5B5BB6631A83D4580077D62A /* mapkitTest */,
				5B5BB6791A83D4580077D62A /* mapkitTestTests */,
				5B5BB6621A83D4580077D62A /* Products */,
			);
			sourceTree = "<group>";
		};
		5B5BB6621A83D4580077D62A /* Products */ = {
			isa = PBXGroup;
			children = (
				5B5BB6611A83D4580077D62A /* mapkitTest.app */,
				5B5BB6761A83D4580077D62A /* mapkitTestTests.xctest */,
			);
			name = Products;
			sourceTree = "<group>";
		};
		5B5BB6631A83D4580077D62A /* mapkitTest */ = {
			isa = PBXGroup;
			children = (
				5B5BB6661A83D4580077D62A /* AppDelegate.swift */,
				5B5BB6681A83D4580077D62A /* ViewController.swift */,
				5B5BB66A1A83D4580077D62A /* Main.storyboard */,
				5B5BB66D1A83D4580077D62A /* Images.xcassets */,
				5B5BB66F1A83D4580077D62A /* LaunchScreen.xib */,
				5B5BB6641A83D4580077D62A /* Supporting Files */,
			);
			path = mapkitTest;
			sourceTree = "<group>";
		};
		5B5BB6641A83D4580077D62A /* Supporting Files */ = {
			isa = PBXGroup;
			children = (
				5B5BB6651A83D4580077D62A /* Info.plist */,
			);
			name = "Supporting Files";
			sourceTree = "<group>";
		};
		5B5BB6791A83D4580077D62A /* mapkitTestTests */ = {
			isa = PBXGroup;
			children = (
				5B5BB67C1A83D4580077D62A /* mapkitTestTests.swift */,
				5B5BB67A1A83D4580077D62A /* Supporting Files */,
			);
			path = mapkitTestTests;
			sourceTree = "<group>";
		};
		5B5BB67A1A83D4580077D62A /* Supporting Files */ = {
			isa = PBXGroup;
			children = (
				5B5BB67B1A83D4580077D62A /* Info.plist */,
			);
			name = "Supporting Files";
			sourceTree = "<group>";
		};
/* End PBXGroup section */

/* Begin PBXNativeTarget section */
		5B5BB6601A83D4580077D62A /* mapkitTest */ = {
			isa = PBXNativeTarget;
			buildConfigurationList = 5B5BB6801A83D4580077D62A /* Build configuration list for PBXNativeTarget "mapkitTest" */;
			buildPhases = (
				5B5BB65D1A83D4580077D62A /* Sources */,
				5B5BB65E1A83D4580077D62A /* Frameworks */,
				5B5BB65F1A83D4580077D62A /* Resources */,
			);
			buildRules = (
			);
			dependencies = (
			);
			name = mapkitTest;
			productName = mapkitTest;
			productReference = 5B5BB6611A83D4580077D62A /* mapkitTest.app */;
			productType = "com.apple.product-type.application";
		};
		5B5BB6751A83D4580077D62A /* mapkitTestTests */ = {
			isa = PBXNativeTarget;
			buildConfigurationList = 5B5BB6831A83D4580077D62A /* Build configuration list for PBXNativeTarget "mapkitTestTests" */;
			buildPhases = (
				5B5BB6721A83D4580077D62A /* Sources */,
				5B5BB6731A83D4580077D62A /* Frameworks */,
				5B5BB6741A83D4580077D62A /* Resources */,
			);
			buildRules = (
			);
			dependencies = (
				5B5BB6781A83D4580077D62A /* PBXTargetDependency */,
			);
			name = mapkitTestTests;
			productName = mapkitTestTests;
			productReference = 5B5BB6761A83D4580077D62A /* mapkitTestTests.xctest */;
			productType = "com.apple.product-type.bundle.unit-test";
		};
/* End PBXNativeTarget section */

/* Begin PBXProject section */
		5B5BB6591A83D4580077D62A /* Project object */ = {
			isa = PBXProject;
			attributes = {
				LastUpgradeCheck = 0610;
				ORGANIZATIONNAME = Sean;
				TargetAttributes = {
					5B5BB6601A83D4580077D62A = {
						CreatedOnToolsVersion = 6.1.1;
					};
					5B5BB6751A83D4580077D62A = {
						CreatedOnToolsVersion = 6.1.1;
						TestTargetID = 5B5BB6601A83D4580077D62A;
					};
				};
			};
			buildConfigurationList = 5B5BB65C1A83D4580077D62A /* Build configuration list for PBXProject "mapkitTest" */;
			compatibilityVersion = "Xcode 3.2";
			developmentRegion = English;
			hasScannedForEncodings = 0;
			knownRegions = (
				en,
				Base,
			);
			mainGroup = 5B5BB6581A83D4580077D62A;
			productRefGroup = 5B5BB6621A83D4580077D62A /* Products */;
			projectDirPath = "";
			projectRoot = "";
			targets = (
				5B5BB6601A83D4580077D62A /* mapkitTest */,
				5B5BB6751A83D4580077D62A /* mapkitTestTests */,
			);
		};
/* End PBXProject section */

/* Begin PBXResourcesBuildPhase section */
		5B5BB65F1A83D4580077D62A /* Resources */ = {
			isa = PBXResourcesBuildPhase;
			buildActionMask = 2147483647;
			files = (
				5B5BB66C1A83D4580077D62A /* Main.storyboard in Resources */,
				5B5BB6711A83D4580077D62A /* LaunchScreen.xib in Resources */,
				5B5BB66E1A83D4580077D62A /* Images.xcassets in Resources */,
			);
			runOnlyForDeploymentPostprocessing = 0;
		};
		5B5BB6741A83D4580077D62A /* Resources */ = {
			isa = PBXResourcesBuildPhase;
			buildActionMask = 2147483647;
			files = (
			);
			runOnlyForDeploymentPostprocessing = 0;
		};
/* End PBXResourcesBuildPhase section */

/* Begin PBXSourcesBuildPhase section */
		5B5BB65D1A83D4580077D62A /* Sources */ = {
			isa = PBXSourcesBuildPhase;
			buildActionMask = 2147483647;
			files = (
				5B5BB6691A83D4580077D62A /* ViewController.swift in Sources */,
				5B5BB6671A83D4580077D62A /* AppDelegate.swift in Sources */,
			);
			runOnlyForDeploymentPostprocessing = 0;
		};
		5B5BB6721A83D4580077D62A /* Sources */ = {
			isa = PBXSourcesBuildPhase;
			buildActionMask = 2147483647;
			files = (
				5B5BB67D1A83D4580077D62A /* mapkitTestTests.swift in Sources */,
			);
			runOnlyForDeploymentPostprocessing = 0;
		};
/* End PBXSourcesBuildPhase section */

/* Begin PBXTargetDependency section */
		5B5BB6781A83D4580077D62A /* PBXTargetDependency */ = {
			isa = PBXTargetDependency;
			target = 5B5BB6601A83D4580077D62A /* mapkitTest */;
			targetProxy = 5B5BB6771A83D4580077D62A /* PBXContainerItemProxy */;
		};
/* End PBXTargetDependency section */

/* Begin PBXVariantGroup section */
		5B5BB66A1A83D4580077D62A /* Main.storyboard */ = {
			isa = PBXVariantGroup;
			children = (
				5B5BB66B1A83D4580077D62A /* Base */,
			);
			name = Main.storyboard;
			sourceTree = "<group>";
		};
		5B5BB66F1A83D4580077D62A /* LaunchScreen.xib */ = {
			isa = PBXVariantGroup;
			children = (
				5B5BB6701A83D4580077D62A /* Base */,
			);
			name = LaunchScreen.xib;
			sourceTree = "<group>";
		};
/* End PBXVariantGroup section */

/* Begin XCBuildConfiguration section */
		5B5BB67E1A83D4580077D62A /* Debug */ = {
			isa = XCBuildConfiguration;
			buildSettings = {
				ALWAYS_SEARCH_USER_PATHS = NO;
				CLANG_CXX_LANGUAGE_STANDARD = "gnu++0x";
				CLANG_CXX_LIBRARY = "libc++";
				CLANG_ENABLE_MODULES = YES;
				CLANG_ENABLE_OBJC_ARC = YES;
				CLANG_WARN_BOOL_CONVERSION = YES;
				CLANG_WARN_CONSTANT_CONVERSION = YES;
				CLANG_WARN_DIRECT_OBJC_ISA_USAGE = YES_ERROR;
				CLANG_WARN_EMPTY_BODY = YES;
				CLANG_WARN_ENUM_CONVERSION = YES;
				CLANG_WARN_INT_CONVERSION = YES;
				CLANG_WARN_OBJC_ROOT_CLASS = YES_ERROR;
				CLANG_WARN_UNREACHABLE_CODE = YES;
				CLANG_WARN__DUPLICATE_METHOD_MATCH = YES;
				"CODE_SIGN_IDENTITY[sdk=iphoneos*]" = "iPhone Developer";
				COPY_PHASE_STRIP = NO;
				ENABLE_STRICT_OBJC_MSGSEND = YES;
				GCC_C_LANGUAGE_STANDARD = gnu99;
				GCC_DYNAMIC_NO_PIC = NO;
				GCC_OPTIMIZATION_LEVEL = 0;
				GCC_PREPROCESSOR_DEFINITIONS = (
					"DEBUG=1",
					"$(inherited)",
				);
				GCC_SYMBOLS_PRIVATE_EXTERN = NO;
				GCC_WARN_64_TO_32_BIT_CONVERSION = YES;
				GCC_WARN_ABOUT_RETURN_TYPE = YES_ERROR;
				GCC_WARN_UNDECLARED_SELECTOR = YES;
				GCC_WARN_UNINITIALIZED_AUTOS = YES_AGGRESSIVE;
				GCC_WARN_UNUSED_FUNCTION = YES;
				GCC_WARN_UNUSED_VARIABLE = YES;
				IPHONEOS_DEPLOYMENT_TARGET = 8.1;
				MTL_ENABLE_DEBUG_INFO = YES;
				ONLY_ACTIVE_ARCH = YES;
				SDKROOT = iphoneos;
				SWIFT_OPTIMIZATION_LEVEL = "-Onone";
			};
			name = Debug;
		};
		5B5BB67F1A83D4580077D62A /* Release */ = {
			isa = XCBuildConfiguration;
			buildSettings = {
				ALWAYS_SEARCH_USER_PATHS = NO;
				CLANG_CXX_LANGUAGE_STANDARD = "gnu++0x";
				CLANG_CXX_LIBRARY = "libc++";
				CLANG_ENABLE_MODULES = YES;
				CLANG_ENABLE_OBJC_ARC = YES;
				CLANG_WARN_BOOL_CONVERSION = YES;
				CLANG_WARN_CONSTANT_CONVERSION = YES;
				CLANG_WARN_DIRECT_OBJC_ISA_USAGE = YES_ERROR;
				CLANG_WARN_EMPTY_BODY = YES;
				CLANG_WARN_ENUM_CONVERSION = YES;
				CLANG_WARN_INT_CONVERSION = YES;
				CLANG_WARN_OBJC_ROOT_CLASS = YES_ERROR;
				CLANG_WARN_UNREACHABLE_CODE = YES;
				CLANG_WARN__DUPLICATE_METHOD_MATCH = YES;
				"CODE_SIGN_IDENTITY[sdk=iphoneos*]" = "iPhone Developer";
				COPY_PHASE_STRIP = YES;
				ENABLE_NS_ASSERTIONS = NO;
				ENABLE_STRICT_OBJC_MSGSEND = YES;
				GCC_C_LANGUAGE_STANDARD = gnu99;
				GCC_WARN_64_TO_32_BIT_CONVERSION = YES;
				GCC_WARN_ABOUT_RETURN_TYPE = YES_ERROR;
				GCC_WARN_UNDECLARED_SELECTOR = YES;
				GCC_WARN_UNINITIALIZED_AUTOS = YES_AGGRESSIVE;
				GCC_WARN_UNUSED_FUNCTION = YES;
				GCC_WARN_UNUSED_VARIABLE = YES;
				IPHONEOS_DEPLOYMENT_TARGET = 8.1;
				MTL_ENABLE_DEBUG_INFO = NO;
				SDKROOT = iphoneos;
				VALIDATE_PRODUCT = YES;
			};
			name = Release;
		};
		5B5BB6811A83D4580077D62A /* Debug */ = {
			isa = XCBuildConfiguration;
			buildSettings = {
				ASSETCATALOG_COMPILER_APPICON_NAME = AppIcon;
				INFOPLIST_FILE = mapkitTest/Info.plist;
				LD_RUNPATH_SEARCH_PATHS = "$(inherited) @executable_path/Frameworks";
				PRODUCT_NAME = "$(TARGET_NAME)";
			};
			name = Debug;
		};
		5B5BB6821A83D4580077D62A /* Release */ = {
			isa = XCBuildConfiguration;
			buildSettings = {
				ASSETCATALOG_COMPILER_APPICON_NAME = AppIcon;
				INFOPLIST_FILE = mapkitTest/Info.plist;
				LD_RUNPATH_SEARCH_PATHS = "$(inherited) @executable_path/Frameworks";
				PRODUCT_NAME = "$(TARGET_NAME)";
			};
			name = Release;
		};
		5B5BB6841A83D4580077D62A /* Debug */ = {
			isa = XCBuildConfiguration;
			buildSettings = {
				BUNDLE_LOADER = "$(TEST_HOST)";
				FRAMEWORK_SEARCH_PATHS = (
					"$(SDKROOT)/Developer/Library/Frameworks",
					"$(inherited)",
				);
				GCC_PREPROCESSOR_DEFINITIONS = (
					"DEBUG=1",
					"$(inherited)",
				);
				INFOPLIST_FILE = mapkitTestTests/Info.plist;
				LD_RUNPATH_SEARCH_PATHS = "$(inherited) @executable_path/Frameworks @loader_path/Frameworks";
				PRODUCT_NAME = "$(TARGET_NAME)";
				TEST_HOST = "$(BUILT_PRODUCTS_DIR)/mapkitTest.app/mapkitTest";
			};
			name = Debug;
		};
		5B5BB6851A83D4580077D62A /* Release */ = {
			isa = XCBuildConfiguration;
			buildSettings = {
				BUNDLE_LOADER = "$(TEST_HOST)";
				FRAMEWORK_SEARCH_PATHS = (
					"$(SDKROOT)/Developer/Library/Frameworks",
					"$(inherited)",
				);
				INFOPLIST_FILE = mapkitTestTests/Info.plist;
				LD_RUNPATH_SEARCH_PATHS = "$(inherited) @executable_path/Frameworks @loader_path/Frameworks";
				PRODUCT_NAME = "$(TARGET_NAME)";
				TEST_HOST = "$(BUILT_PRODUCTS_DIR)/mapkitTest.app/mapkitTest";
			};
			name = Release;
		};
/* End XCBuildConfiguration section */

/* Begin XCConfigurationList section */
		5B5BB65C1A83D4580077D62A /* Build configuration list for PBXProject "mapkitTest" */ = {
			isa = XCConfigurationList;
			buildConfigurations = (
				5B5BB67E1A83D4580077D62A /* Debug */,
				5B5BB67F1A83D4580077D62A /* Release */,
			);
			defaultConfigurationIsVisible = 0;
			defaultConfigurationName = Release;
		};
		5B5BB6801A83D4580077D62A /* Build configuration list for PBXNativeTarget "mapkitTest" */ = {
			isa = XCConfigurationList;
			buildConfigurations = (
				5B5BB6811A83D4580077D62A /* Debug */,
				5B5BB6821A83D4580077D62A /* Release */,
			);
			defaultConfigurationIsVisible = 0;
		};
		5B5BB6831A83D4580077D62A /* Build configuration list for PBXNativeTarget "mapkitTestTests" */ = {
			isa = XCConfigurationList;
			buildConfigurations = (
				5B5BB6841A83D4580077D62A /* Debug */,
				5B5BB6851A83D4580077D62A /* Release */,
			);
			defaultConfigurationIsVisible = 0;
		};
/* End XCConfigurationList section */
	};
	rootObject = 5B5BB6591A83D4580077D62A /* Project object */;
}
